
Microsoft Visual Studio Solution File, Format Version 12.00
# Visual Studio Version 16
VisualStudioVersion = 16.0.29613.14
MinimumVisualStudioVersion = 10.0.40219.1
Project("{9A19103F-16F7-4668-BE54-9A1E7A4F7556}") = "BTWebAppFrameWorkCore", "BTWebFrameWorkCore\BTWebAppFrameWorkCore.csproj", "{37D03F0E-504B-433A-BCA0-4A0629373F9F}"
EndProject
Project("{9A19103F-16F7-4668-BE54-9A1E7A4F7556}") = "AppUtility", "AppUtility\AppUtility.csproj", "{4E7A961C-9964-4FE8-89A6-B93C034039E8}"
EndProject
Project("{9A19103F-16F7-4668-BE54-9A1E7A4F7556}") = "AppDAL", "AppDAL\AppDAL.csproj", "{988C6CD4-B5AB-42D8-A185-690FF7E0312E}"
EndProject
Project("{9A19103F-16F7-4668-BE54-9A1E7A4F7556}") = "AppBAL", "AppBAL\AppBAL.csproj", "{EBA9C083-0D7A-488F-97A6-A7B6A495B795}"
EndProject
Project("{9A19103F-16F7-4668-BE54-9A1E7A4F7556}") = "AppModel", "AppModel\AppModel.csproj", "{F9C4E0E5-A4B6-4124-8817-EFB9B48FC9CE}"
EndProject
Project("{9A19103F-16F7-4668-BE54-9A1E7A4F7556}") = "AppDatabase", "AppDatabase\AppDatabase.csproj", "{AEB14CDC-5DA3-4AF4-905B-D93505E97FAC}"
EndProject
Project("{FAE04EC0-301F-11D3-BF4B-00C04F79EFBC}") = "TimeAttendanceHRUnitTest", "TimeAttendanceHRUnitTest\TimeAttendanceHRUnitTest.csproj", "{BD35AF2C-87C0-4E0C-A341-2B55E866281E}"
EndProject
Global
	GlobalSection(SolutionConfigurationPlatforms) = preSolution
		Debug|Any CPU = Debug|Any CPU
		Release|Any CPU = Release|Any CPU
	EndGlobalSection
	GlobalSection(ProjectConfigurationPlatforms) = postSolution
		{37D03F0E-504B-433A-BCA0-4A0629373F9F}.Debug|Any CPU.ActiveCfg = Debug|Any CPU
		{37D03F0E-504B-433A-BCA0-4A0629373F9F}.Debug|Any CPU.Build.0 = Debug|Any CPU
		{37D03F0E-504B-433A-BCA0-4A0629373F9F}.Release|Any CPU.ActiveCfg = Release|Any CPU
		{37D03F0E-504B-433A-BCA0-4A0629373F9F}.Release|Any CPU.Build.0 = Release|Any CPU
		{4E7A961C-9964-4FE8-89A6-B93C034039E8}.Debug|Any CPU.ActiveCfg = Debug|Any CPU
		{4E7A961C-9964-4FE8-89A6-B93C034039E8}.Debug|Any CPU.Build.0 = Debug|Any CPU
		{4E7A961C-9964-4FE8-89A6-B93C034039E8}.Release|Any CPU.ActiveCfg = Release|Any CPU
		{4E7A961C-9964-4FE8-89A6-B93C034039E8}.Release|Any CPU.Build.0 = Release|Any CPU
		{988C6CD4-B5AB-42D8-A185-690FF7E0312E}.Debug|Any CPU.ActiveCfg = Debug|Any CPU
		{988C6CD4-B5AB-42D8-A185-690FF7E0312E}.Debug|Any CPU.Build.0 = Debug|Any CPU
		{988C6CD4-B5AB-42D8-A185-690FF7E0312E}.Release|Any CPU.ActiveCfg = Release|Any CPU
		{988C6CD4-B5AB-42D8-A185-690FF7E0312E}.Release|Any CPU.Build.0 = Release|Any CPU
		{EBA9C083-0D7A-488F-97A6-A7B6A495B795}.Debug|Any CPU.ActiveCfg = Debug|Any CPU
		{EBA9C083-0D7A-488F-97A6-A7B6A495B795}.Debug|Any CPU.Build.0 = Debug|Any CPU
		{EBA9C083-0D7A-488F-97A6-A7B6A495B795}.Release|Any CPU.ActiveCfg = Release|Any CPU
		{EBA9C083-0D7A-488F-97A6-A7B6A495B795}.Release|Any CPU.Build.0 = Release|Any CPU
		{F9C4E0E5-A4B6-4124-8817-EFB9B48FC9CE}.Debug|Any CPU.ActiveCfg = Debug|Any CPU
		{F9C4E0E5-A4B6-4124-8817-EFB9B48FC9CE}.Debug|Any CPU.Build.0 = Debug|Any CPU
		{F9C4E0E5-A4B6-4124-8817-EFB9B48FC9CE}.Release|Any CPU.ActiveCfg = Release|Any CPU
		{F9C4E0E5-A4B6-4124-8817-EFB9B48FC9CE}.Release|Any CPU.Build.0 = Release|Any CPU
		{AEB14CDC-5DA3-4AF4-905B-D93505E97FAC}.Debug|Any CPU.ActiveCfg = Debug|Any CPU
		{AEB14CDC-5DA3-4AF4-905B-D93505E97FAC}.Debug|Any CPU.Build.0 = Debug|Any CPU
		{AEB14CDC-5DA3-4AF4-905B-D93505E97FAC}.Release|Any CPU.ActiveCfg = Release|Any CPU
		{AEB14CDC-5DA3-4AF4-905B-D93505E97FAC}.Release|Any CPU.Build.0 = Release|Any CPU
		{BD35AF2C-87C0-4E0C-A341-2B55E866281E}.Debug|Any CPU.ActiveCfg = Debug|Any CPU
		{BD35AF2C-87C0-4E0C-A341-2B55E866281E}.Debug|Any CPU.Build.0 = Debug|Any CPU
		{BD35AF2C-87C0-4E0C-A341-2B55E866281E}.Release|Any CPU.ActiveCfg = Release|Any CPU
		{BD35AF2C-87C0-4E0C-A341-2B55E866281E}.Release|Any CPU.Build.0 = Release|Any CPU
	EndGlobalSection
	GlobalSection(SolutionProperties) = preSolution
		HideSolutionNode = FALSE
	EndGlobalSection
	GlobalSection(ExtensibilityGlobals) = postSolution
		SolutionGuid = {A4CF5FD4-CF9A-4C12-823E-228739FBA2E7}
	EndGlobalSection
EndGlobal
